
Microsoft Visual Studio Solution File, Format Version 12.00
# Visual Studio Version 17
VisualStudioVersion = 17.0.31903.59
MinimumVisualStudioVersion = 10.0.40219.1
Project("{2150E333-8FDC-42A3-9474-1A3956D46DE8}") = "src", "src", "{827E0CD3-B72D-47B6-A68D-7590B98EB39B}"
EndProject
Project("{FAE04EC0-301F-11D3-BF4B-00C04F79EFBC}") = "PewPew.SharedKernel", "src\PewPew.SharedKernel\PewPew.SharedKernel.csproj", "{D2ED4B40-D21D-4C1C-B634-9BCC6015AF6E}"
EndProject
Project("{FAE04EC0-301F-11D3-BF4B-00C04F79EFBC}") = "PewPew.Domain", "src\PewPew.Domain\PewPew.Domain.csproj", "{3010CC3A-7A93-4E98-8986-EC9A81FCF56E}"
EndProject
Project("{FAE04EC0-301F-11D3-BF4B-00C04F79EFBC}") = "PewPew.Contracts", "src\PewPew.Contracts\PewPew.Contracts.csproj", "{0E1462B8-8ED2-4B8A-BB59-77EFBCC84A32}"
EndProject
Project("{FAE04EC0-301F-11D3-BF4B-00C04F79EFBC}") = "PewPew.Application", "src\PewPew.Application\PewPew.Application.csproj", "{F227DFDA-CB25-451A-9A32-668134D2409E}"
EndProject
Project("{FAE04EC0-301F-11D3-BF4B-00C04F79EFBC}") = "PewPew.Infrastructure", "src\PewPew.Infrastructure\PewPew.Infrastructure.csproj", "{F278F311-A5D9-48BD-9C41-5DF6C309F3F6}"
EndProject
Project("{FAE04EC0-301F-11D3-BF4B-00C04F79EFBC}") = "PewPew.Persistence", "src\PewPew.Persistence\PewPew.Persistence.csproj", "{29B9FBC7-0512-43DF-9E09-6EFCAC19AC20}"
EndProject
Project("{FAE04EC0-301F-11D3-BF4B-00C04F79EFBC}") = "PewPew.Api", "src\PewPew.Api\PewPew.Api.csproj", "{A2040D7B-6740-41AC-BE00-D69EF2B44D6E}"
EndProject
Project("{FAE04EC0-301F-11D3-BF4B-00C04F79EFBC}") = "PewPew.DeviceAgent", "src\PewPew.DeviceAgent\PewPew.DeviceAgent.csproj", "{3F695065-1D09-4BA0-B7B5-4A385A4CD497}"
EndProject
Project("{FAE04EC0-301F-11D3-BF4B-00C04F79EFBC}") = "PewPew.Worker", "src\PewPew.Worker\PewPew.Worker.csproj", "{A2D50AC5-46C6-4550-93DD-E59C3816B625}"
EndProject
Project("{FAE04EC0-301F-11D3-BF4B-00C04F79EFBC}") = "PewPew.Desktop", "src\PewPew.Desktop\PewPew.Desktop.csproj", "{DF3FDB66-48DD-4996-B44C-7C04A8080CDA}"
EndProject
Project("{FAE04EC0-301F-11D3-BF4B-00C04F79EFBC}") = "PewPew", "PewPew.csproj", "{741F1DFA-249A-4945-AF39-FAE605DB590D}"
EndProject
Project("{2150E333-8FDC-42A3-9474-1A3956D46DE8}") = "tests", "tests", "{0AB3BF05-4346-4AA6-1389-037BE0695223}"
EndProject
Project("{FAE04EC0-301F-11D3-BF4B-00C04F79EFBC}") = "PewPew.Architecture.Tests", "tests\PewPew.Architecture.Tests\PewPew.Architecture.Tests.csproj", "{10033266-5CF8-40B7-BD92-57AB25B4ABCC}"
EndProject
Global
	GlobalSection(SolutionConfigurationPlatforms) = preSolution
		Debug|Any CPU = Debug|Any CPU
		Debug|x64 = Debug|x64
		Debug|x86 = Debug|x86
		Release|Any CPU = Release|Any CPU
		Release|x64 = Release|x64
		Release|x86 = Release|x86
	EndGlobalSection
	GlobalSection(ProjectConfigurationPlatforms) = postSolution
		{D2ED4B40-D21D-4C1C-B634-9BCC6015AF6E}.Debug|Any CPU.ActiveCfg = Debug|Any CPU
		{D2ED4B40-D21D-4C1C-B634-9BCC6015AF6E}.Debug|Any CPU.Build.0 = Debug|Any CPU
		{D2ED4B40-D21D-4C1C-B634-9BCC6015AF6E}.Debug|x64.ActiveCfg = Debug|Any CPU
		{D2ED4B40-D21D-4C1C-B634-9BCC6015AF6E}.Debug|x64.Build.0 = Debug|Any CPU
		{D2ED4B40-D21D-4C1C-B634-9BCC6015AF6E}.Debug|x86.ActiveCfg = Debug|Any CPU
		{D2ED4B40-D21D-4C1C-B634-9BCC6015AF6E}.Debug|x86.Build.0 = Debug|Any CPU
		{D2ED4B40-D21D-4C1C-B634-9BCC6015AF6E}.Release|Any CPU.ActiveCfg = Release|Any CPU
		{D2ED4B40-D21D-4C1C-B634-9BCC6015AF6E}.Release|Any CPU.Build.0 = Release|Any CPU
		{D2ED4B40-D21D-4C1C-B634-9BCC6015AF6E}.Release|x64.ActiveCfg = Release|Any CPU
		{D2ED4B40-D21D-4C1C-B634-9BCC6015AF6E}.Release|x64.Build.0 = Release|Any CPU
		{D2ED4B40-D21D-4C1C-B634-9BCC6015AF6E}.Release|x86.ActiveCfg = Release|Any CPU
		{D2ED4B40-D21D-4C1C-B634-9BCC6015AF6E}.Release|x86.Build.0 = Release|Any CPU
		{3010CC3A-7A93-4E98-8986-EC9A81FCF56E}.Debug|Any CPU.ActiveCfg = Debug|Any CPU
		{3010CC3A-7A93-4E98-8986-EC9A81FCF56E}.Debug|Any CPU.Build.0 = Debug|Any CPU
		{3010CC3A-7A93-4E98-8986-EC9A81FCF56E}.Debug|x64.ActiveCfg = Debug|Any CPU
		{3010CC3A-7A93-4E98-8986-EC9A81FCF56E}.Debug|x64.Build.0 = Debug|Any CPU
		{3010CC3A-7A93-4E98-8986-EC9A81FCF56E}.Debug|x86.ActiveCfg = Debug|Any CPU
		{3010CC3A-7A93-4E98-8986-EC9A81FCF56E}.Debug|x86.Build.0 = Debug|Any CPU
		{3010CC3A-7A93-4E98-8986-EC9A81FCF56E}.Release|Any CPU.ActiveCfg = Release|Any CPU
		{3010CC3A-7A93-4E98-8986-EC9A81FCF56E}.Release|Any CPU.Build.0 = Release|Any CPU
		{3010CC3A-7A93-4E98-8986-EC9A81FCF56E}.Release|x64.ActiveCfg = Release|Any CPU
		{3010CC3A-7A93-4E98-8986-EC9A81FCF56E}.Release|x64.Build.0 = Release|Any CPU
		{3010CC3A-7A93-4E98-8986-EC9A81FCF56E}.Release|x86.ActiveCfg = Release|Any CPU
		{3010CC3A-7A93-4E98-8986-EC9A81FCF56E}.Release|x86.Build.0 = Release|Any CPU
		{0E1462B8-8ED2-4B8A-BB59-77EFBCC84A32}.Debug|Any CPU.ActiveCfg = Debug|Any CPU
		{0E1462B8-8ED2-4B8A-BB59-77EFBCC84A32}.Debug|Any CPU.Build.0 = Debug|Any CPU
		{0E1462B8-8ED2-4B8A-BB59-77EFBCC84A32}.Debug|x64.ActiveCfg = Debug|Any CPU
		{0E1462B8-8ED2-4B8A-BB59-77EFBCC84A32}.Debug|x64.Build.0 = Debug|Any CPU
		{0E1462B8-8ED2-4B8A-BB59-77EFBCC84A32}.Debug|x86.ActiveCfg = Debug|Any CPU
		{0E1462B8-8ED2-4B8A-BB59-77EFBCC84A32}.Debug|x86.Build.0 = Debug|Any CPU
		{0E1462B8-8ED2-4B8A-BB59-77EFBCC84A32}.Release|Any CPU.ActiveCfg = Release|Any CPU
		{0E1462B8-8ED2-4B8A-BB59-77EFBCC84A32}.Release|Any CPU.Build.0 = Release|Any CPU
		{0E1462B8-8ED2-4B8A-BB59-77EFBCC84A32}.Release|x64.ActiveCfg = Release|Any CPU
		{0E1462B8-8ED2-4B8A-BB59-77EFBCC84A32}.Release|x64.Build.0 = Release|Any CPU
		{0E1462B8-8ED2-4B8A-BB59-77EFBCC84A32}.Release|x86.ActiveCfg = Release|Any CPU
		{0E1462B8-8ED2-4B8A-BB59-77EFBCC84A32}.Release|x86.Build.0 = Release|Any CPU
		{F227DFDA-CB25-451A-9A32-668134D2409E}.Debug|Any CPU.ActiveCfg = Debug|Any CPU
		{F227DFDA-CB25-451A-9A32-668134D2409E}.Debug|Any CPU.Build.0 = Debug|Any CPU
		{F227DFDA-CB25-451A-9A32-668134D2409E}.Debug|x64.ActiveCfg = Debug|Any CPU
		{F227DFDA-CB25-451A-9A32-668134D2409E}.Debug|x64.Build.0 = Debug|Any CPU
		{F227DFDA-CB25-451A-9A32-668134D2409E}.Debug|x86.ActiveCfg = Debug|Any CPU
		{F227DFDA-CB25-451A-9A32-668134D2409E}.Debug|x86.Build.0 = Debug|Any CPU
		{F227DFDA-CB25-451A-9A32-668134D2409E}.Release|Any CPU.ActiveCfg = Release|Any CPU
		{F227DFDA-CB25-451A-9A32-668134D2409E}.Release|Any CPU.Build.0 = Release|Any CPU
		{F227DFDA-CB25-451A-9A32-668134D2409E}.Release|x64.ActiveCfg = Release|Any CPU
		{F227DFDA-CB25-451A-9A32-668134D2409E}.Release|x64.Build.0 = Release|Any CPU
		{F227DFDA-CB25-451A-9A32-668134D2409E}.Release|x86.ActiveCfg = Release|Any CPU
		{F227DFDA-CB25-451A-9A32-668134D2409E}.Release|x86.Build.0 = Release|Any CPU
		{F278F311-A5D9-48BD-9C41-5DF6C309F3F6}.Debug|Any CPU.ActiveCfg = Debug|Any CPU
		{F278F311-A5D9-48BD-9C41-5DF6C309F3F6}.Debug|Any CPU.Build.0 = Debug|Any CPU
		{F278F311-A5D9-48BD-9C41-5DF6C309F3F6}.Debug|x64.ActiveCfg = Debug|Any CPU
		{F278F311-A5D9-48BD-9C41-5DF6C309F3F6}.Debug|x64.Build.0 = Debug|Any CPU
		{F278F311-A5D9-48BD-9C41-5DF6C309F3F6}.Debug|x86.ActiveCfg = Debug|Any CPU
		{F278F311-A5D9-48BD-9C41-5DF6C309F3F6}.Debug|x86.Build.0 = Debug|Any CPU
		{F278F311-A5D9-48BD-9C41-5DF6C309F3F6}.Release|Any CPU.ActiveCfg = Release|Any CPU
		{F278F311-A5D9-48BD-9C41-5DF6C309F3F6}.Release|Any CPU.Build.0 = Release|Any CPU
		{F278F311-A5D9-48BD-9C41-5DF6C309F3F6}.Release|x64.ActiveCfg = Release|Any CPU
		{F278F311-A5D9-48BD-9C41-5DF6C309F3F6}.Release|x64.Build.0 = Release|Any CPU
		{F278F311-A5D9-48BD-9C41-5DF6C309F3F6}.Release|x86.ActiveCfg = Release|Any CPU
		{F278F311-A5D9-48BD-9C41-5DF6C309F3F6}.Release|x86.Build.0 = Release|Any CPU
		{29B9FBC7-0512-43DF-9E09-6EFCAC19AC20}.Debug|Any CPU.ActiveCfg = Debug|Any CPU
		{29B9FBC7-0512-43DF-9E09-6EFCAC19AC20}.Debug|Any CPU.Build.0 = Debug|Any CPU
		{29B9FBC7-0512-43DF-9E09-6EFCAC19AC20}.Debug|x64.ActiveCfg = Debug|Any CPU
		{29B9FBC7-0512-43DF-9E09-6EFCAC19AC20}.Debug|x64.Build.0 = Debug|Any CPU
		{29B9FBC7-0512-43DF-9E09-6EFCAC19AC20}.Debug|x86.ActiveCfg = Debug|Any CPU
		{29B9FBC7-0512-43DF-9E09-6EFCAC19AC20}.Debug|x86.Build.0 = Debug|Any CPU
		{29B9FBC7-0512-43DF-9E09-6EFCAC19AC20}.Release|Any CPU.ActiveCfg = Release|Any CPU
		{29B9FBC7-0512-43DF-9E09-6EFCAC19AC20}.Release|Any CPU.Build.0 = Release|Any CPU
		{29B9FBC7-0512-43DF-9E09-6EFCAC19AC20}.Release|x64.ActiveCfg = Release|Any CPU
		{29B9FBC7-0512-43DF-9E09-6EFCAC19AC20}.Release|x64.Build.0 = Release|Any CPU
		{29B9FBC7-0512-43DF-9E09-6EFCAC19AC20}.Release|x86.ActiveCfg = Release|Any CPU
		{29B9FBC7-0512-43DF-9E09-6EFCAC19AC20}.Release|x86.Build.0 = Release|Any CPU
		{A2040D7B-6740-41AC-BE00-D69EF2B44D6E}.Debug|Any CPU.ActiveCfg = Debug|Any CPU
		{A2040D7B-6740-41AC-BE00-D69EF2B44D6E}.Debug|Any CPU.Build.0 = Debug|Any CPU
		{A2040D7B-6740-41AC-BE00-D69EF2B44D6E}.Debug|x64.ActiveCfg = Debug|Any CPU
		{A2040D7B-6740-41AC-BE00-D69EF2B44D6E}.Debug|x64.Build.0 = Debug|Any CPU
		{A2040D7B-6740-41AC-BE00-D69EF2B44D6E}.Debug|x86.ActiveCfg = Debug|Any CPU
		{A2040D7B-6740-41AC-BE00-D69EF2B44D6E}.Debug|x86.Build.0 = Debug|Any CPU
		{A2040D7B-6740-41AC-BE00-D69EF2B44D6E}.Release|Any CPU.ActiveCfg = Release|Any CPU
		{A2040D7B-6740-41AC-BE00-D69EF2B44D6E}.Release|Any CPU.Build.0 = Release|Any CPU
		{A2040D7B-6740-41AC-BE00-D69EF2B44D6E}.Release|x64.ActiveCfg = Release|Any CPU
		{A2040D7B-6740-41AC-BE00-D69EF2B44D6E}.Release|x64.Build.0 = Release|Any CPU
		{A2040D7B-6740-41AC-BE00-D69EF2B44D6E}.Release|x86.ActiveCfg = Release|Any CPU
		{A2040D7B-6740-41AC-BE00-D69EF2B44D6E}.Release|x86.Build.0 = Release|Any CPU
		{3F695065-1D09-4BA0-B7B5-4A385A4CD497}.Debug|Any CPU.ActiveCfg = Debug|Any CPU
		{3F695065-1D09-4BA0-B7B5-4A385A4CD497}.Debug|Any CPU.Build.0 = Debug|Any CPU
		{3F695065-1D09-4BA0-B7B5-4A385A4CD497}.Debug|x64.ActiveCfg = Debug|Any CPU
		{3F695065-1D09-4BA0-B7B5-4A385A4CD497}.Debug|x64.Build.0 = Debug|Any CPU
		{3F695065-1D09-4BA0-B7B5-4A385A4CD497}.Debug|x86.ActiveCfg = Debug|Any CPU
		{3F695065-1D09-4BA0-B7B5-4A385A4CD497}.Debug|x86.Build.0 = Debug|Any CPU
		{3F695065-1D09-4BA0-B7B5-4A385A4CD497}.Release|Any CPU.ActiveCfg = Release|Any CPU
		{3F695065-1D09-4BA0-B7B5-4A385A4CD497}.Release|Any CPU.Build.0 = Release|Any CPU
		{3F695065-1D09-4BA0-B7B5-4A385A4CD497}.Release|x64.ActiveCfg = Release|Any CPU
		{3F695065-1D09-4BA0-B7B5-4A385A4CD497}.Release|x64.Build.0 = Release|Any CPU
		{3F695065-1D09-4BA0-B7B5-4A385A4CD497}.Release|x86.ActiveCfg = Release|Any CPU
		{3F695065-1D09-4BA0-B7B5-4A385A4CD497}.Release|x86.Build.0 = Release|Any CPU
		{A2D50AC5-46C6-4550-93DD-E59C3816B625}.Debug|Any CPU.ActiveCfg = Debug|Any CPU
		{A2D50AC5-46C6-4550-93DD-E59C3816B625}.Debug|Any CPU.Build.0 = Debug|Any CPU
		{A2D50AC5-46C6-4550-93DD-E59C3816B625}.Debug|x64.ActiveCfg = Debug|Any CPU
		{A2D50AC5-46C6-4550-93DD-E59C3816B625}.Debug|x64.Build.0 = Debug|Any CPU
		{A2D50AC5-46C6-4550-93DD-E59C3816B625}.Debug|x86.ActiveCfg = Debug|Any CPU
		{A2D50AC5-46C6-4550-93DD-E59C3816B625}.Debug|x86.Build.0 = Debug|Any CPU
		{A2D50AC5-46C6-4550-93DD-E59C3816B625}.Release|Any CPU.ActiveCfg = Release|Any CPU
		{A2D50AC5-46C6-4550-93DD-E59C3816B625}.Release|Any CPU.Build.0 = Release|Any CPU
		{A2D50AC5-46C6-4550-93DD-E59C3816B625}.Release|x64.ActiveCfg = Release|Any CPU
		{A2D50AC5-46C6-4550-93DD-E59C3816B625}.Release|x64.Build.0 = Release|Any CPU
		{A2D50AC5-46C6-4550-93DD-E59C3816B625}.Release|x86.ActiveCfg = Release|Any CPU
		{A2D50AC5-46C6-4550-93DD-E59C3816B625}.Release|x86.Build.0 = Release|Any CPU
		{DF3FDB66-48DD-4996-B44C-7C04A8080CDA}.Debug|Any CPU.ActiveCfg = Debug|Any CPU
		{DF3FDB66-48DD-4996-B44C-7C04A8080CDA}.Debug|Any CPU.Build.0 = Debug|Any CPU
		{DF3FDB66-48DD-4996-B44C-7C04A8080CDA}.Debug|x64.ActiveCfg = Debug|Any CPU
		{DF3FDB66-48DD-4996-B44C-7C04A8080CDA}.Debug|x64.Build.0 = Debug|Any CPU
		{DF3FDB66-48DD-4996-B44C-7C04A8080CDA}.Debug|x86.ActiveCfg = Debug|Any CPU
		{DF3FDB66-48DD-4996-B44C-7C04A8080CDA}.Debug|x86.Build.0 = Debug|Any CPU
		{DF3FDB66-48DD-4996-B44C-7C04A8080CDA}.Release|Any CPU.ActiveCfg = Release|Any CPU
		{DF3FDB66-48DD-4996-B44C-7C04A8080CDA}.Release|Any CPU.Build.0 = Release|Any CPU
		{DF3FDB66-48DD-4996-B44C-7C04A8080CDA}.Release|x64.ActiveCfg = Release|Any CPU
		{DF3FDB66-48DD-4996-B44C-7C04A8080CDA}.Release|x64.Build.0 = Release|Any CPU
		{DF3FDB66-48DD-4996-B44C-7C04A8080CDA}.Release|x86.ActiveCfg = Release|Any CPU
		{DF3FDB66-48DD-4996-B44C-7C04A8080CDA}.Release|x86.Build.0 = Release|Any CPU
		{741F1DFA-249A-4945-AF39-FAE605DB590D}.Debug|Any CPU.ActiveCfg = Debug|Any CPU
		{741F1DFA-249A-4945-AF39-FAE605DB590D}.Debug|Any CPU.Build.0 = Debug|Any CPU
		{741F1DFA-249A-4945-AF39-FAE605DB590D}.Debug|x64.ActiveCfg = Debug|Any CPU
		{741F1DFA-249A-4945-AF39-FAE605DB590D}.Debug|x64.Build.0 = Debug|Any CPU
		{741F1DFA-249A-4945-AF39-FAE605DB590D}.Debug|x86.ActiveCfg = Debug|Any CPU
		{741F1DFA-249A-4945-AF39-FAE605DB590D}.Debug|x86.Build.0 = Debug|Any CPU
		{741F1DFA-249A-4945-AF39-FAE605DB590D}.Release|Any CPU.ActiveCfg = Release|Any CPU
		{741F1DFA-249A-4945-AF39-FAE605DB590D}.Release|Any CPU.Build.0 = Release|Any CPU
		{741F1DFA-249A-4945-AF39-FAE605DB590D}.Release|x64.ActiveCfg = Release|Any CPU
		{741F1DFA-249A-4945-AF39-FAE605DB590D}.Release|x64.Build.0 = Release|Any CPU
		{741F1DFA-249A-4945-AF39-FAE605DB590D}.Release|x86.ActiveCfg = Release|Any CPU
		{741F1DFA-249A-4945-AF39-FAE605DB590D}.Release|x86.Build.0 = Release|Any CPU
		{10033266-5CF8-40B7-BD92-57AB25B4ABCC}.Debug|Any CPU.ActiveCfg = Debug|Any CPU
		{10033266-5CF8-40B7-BD92-57AB25B4ABCC}.Debug|Any CPU.Build.0 = Debug|Any CPU
		{10033266-5CF8-40B7-BD92-57AB25B4ABCC}.Debug|x64.ActiveCfg = Debug|Any CPU
		{10033266-5CF8-40B7-BD92-57AB25B4ABCC}.Debug|x64.Build.0 = Debug|Any CPU
		{10033266-5CF8-40B7-BD92-57AB25B4ABCC}.Debug|x86.ActiveCfg = Debug|Any CPU
		{10033266-5CF8-40B7-BD92-57AB25B4ABCC}.Debug|x86.Build.0 = Debug|Any CPU
		{10033266-5CF8-40B7-BD92-57AB25B4ABCC}.Release|Any CPU.ActiveCfg = Release|Any CPU
		{10033266-5CF8-40B7-BD92-57AB25B4ABCC}.Release|Any CPU.Build.0 = Release|Any CPU
		{10033266-5CF8-40B7-BD92-57AB25B4ABCC}.Release|x64.ActiveCfg = Release|Any CPU
		{10033266-5CF8-40B7-BD92-57AB25B4ABCC}.Release|x64.Build.0 = Release|Any CPU
		{10033266-5CF8-40B7-BD92-57AB25B4ABCC}.Release|x86.ActiveCfg = Release|Any CPU
		{10033266-5CF8-40B7-BD92-57AB25B4ABCC}.Release|x86.Build.0 = Release|Any CPU
	EndGlobalSection
	GlobalSection(SolutionProperties) = preSolution
		HideSolutionNode = FALSE
	EndGlobalSection
	GlobalSection(NestedProjects) = preSolution
		{D2ED4B40-D21D-4C1C-B634-9BCC6015AF6E} = {827E0CD3-B72D-47B6-A68D-7590B98EB39B}
		{3010CC3A-7A93-4E98-8986-EC9A81FCF56E} = {827E0CD3-B72D-47B6-A68D-7590B98EB39B}
		{0E1462B8-8ED2-4B8A-BB59-77EFBCC84A32} = {827E0CD3-B72D-47B6-A68D-7590B98EB39B}
		{F227DFDA-CB25-451A-9A32-668134D2409E} = {827E0CD3-B72D-47B6-A68D-7590B98EB39B}
		{F278F311-A5D9-48BD-9C41-5DF6C309F3F6} = {827E0CD3-B72D-47B6-A68D-7590B98EB39B}
		{29B9FBC7-0512-43DF-9E09-6EFCAC19AC20} = {827E0CD3-B72D-47B6-A68D-7590B98EB39B}
		{A2040D7B-6740-41AC-BE00-D69EF2B44D6E} = {827E0CD3-B72D-47B6-A68D-7590B98EB39B}
		{3F695065-1D09-4BA0-B7B5-4A385A4CD497} = {827E0CD3-B72D-47B6-A68D-7590B98EB39B}
		{A2D50AC5-46C6-4550-93DD-E59C3816B625} = {827E0CD3-B72D-47B6-A68D-7590B98EB39B}
		{DF3FDB66-48DD-4996-B44C-7C04A8080CDA} = {827E0CD3-B72D-47B6-A68D-7590B98EB39B}
		{10033266-5CF8-40B7-BD92-57AB25B4ABCC} = {0AB3BF05-4346-4AA6-1389-037BE0695223}
	EndGlobalSection
EndGlobal
